{
  "name": "polkadot-docs",
  "version": "1.0.0",
  "lockfileVersion": 3,
  "requires": true,
  "packages": {
    "": {
      "name": "polkadot-docs",
      "version": "1.0.0",
      "license": "ISC",
      "devDependencies": {
        "@taplo/cli": "^0.7.0",
        "husky": "^8.0.0"
      }
    },
    "node_modules/@taplo/cli": {
      "version": "0.7.0",
      "resolved": "https://registry.npmjs.org/@taplo/cli/-/cli-0.7.0.tgz",
      "integrity": "sha512-Ck3zFhQhIhi02Hl6T4ZmJsXdnJE+wXcJz5f8klxd4keRYgenMnip3JDPMGDRLbnC/2iGd8P0sBIQqI3KxfVjBg==",
      "dev": true,
      "license": "MIT",
      "bin": {
        "taplo": "dist/cli.js"
      }
    },
    "node_modules/husky": {
      "version": "8.0.3",
      "resolved": "https://registry.npmjs.org/husky/-/husky-8.0.3.tgz",
      "integrity": "sha512-+dQSyqPh4x1hlO1swXBiNb2HzTDN1I2IGLQx1GrBuiqFJfoMrnZWwVmatvSiO+Iz8fBUnf+lekwNo4c2LlXItg==",
      "dev": true,
      "license": "MIT",
      "bin": {
        "husky": "lib/bin.js"
      },
      "engines": {
        "node": ">=14"
      },
      "funding": {
        "url": "https://github.com/sponsors/typicode"
      }
    }
  }
}
